
Microsoft Visual Studio Solution File, Format Version 12.00
# Visual Studio Version 16
VisualStudioVersion = 16.0.30011.22
MinimumVisualStudioVersion = 10.0.40219.1
Project("{9A19103F-16F7-4668-BE54-9A1E7A4F7556}") = "ReadModel.Domain", "ReadModel.Domain\ReadModel.Domain.csproj", "{941C1978-91D5-451B-B634-641A52412032}"
EndProject
Project("{9A19103F-16F7-4668-BE54-9A1E7A4F7556}") = "ReadModel.Infrastructure", "ReadModel.Infrastructure\ReadModel.Infrastructure.csproj", "{74852366-9FAA-4B35-AF2A-D59F02E480EA}"
EndProject
Project("{9A19103F-16F7-4668-BE54-9A1E7A4F7556}") = "ReadModel.Application", "ReadModel.Application\ReadModel.Application.csproj", "{2BDCC157-AFD3-4592-A806-D8CCB74C507C}"
EndProject
Global
	GlobalSection(SolutionConfigurationPlatforms) = preSolution
		Debug|Any CPU = Debug|Any CPU
		Release|Any CPU = Release|Any CPU
	EndGlobalSection
	GlobalSection(ProjectConfigurationPlatforms) = postSolution
		{941C1978-91D5-451B-B634-641A52412032}.Debug|Any CPU.ActiveCfg = Debug|Any CPU
		{941C1978-91D5-451B-B634-641A52412032}.Debug|Any CPU.Build.0 = Debug|Any CPU
		{941C1978-91D5-451B-B634-641A52412032}.Release|Any CPU.ActiveCfg = Release|Any CPU
		{941C1978-91D5-451B-B634-641A52412032}.Release|Any CPU.Build.0 = Release|Any CPU
		{74852366-9FAA-4B35-AF2A-D59F02E480EA}.Debug|Any CPU.ActiveCfg = Debug|Any CPU
		{74852366-9FAA-4B35-AF2A-D59F02E480EA}.Debug|Any CPU.Build.0 = Debug|Any CPU
		{74852366-9FAA-4B35-AF2A-D59F02E480EA}.Release|Any CPU.ActiveCfg = Release|Any CPU
		{74852366-9FAA-4B35-AF2A-D59F02E480EA}.Release|Any CPU.Build.0 = Release|Any CPU
		{2BDCC157-AFD3-4592-A806-D8CCB74C507C}.Debug|Any CPU.ActiveCfg = Debug|Any CPU
		{2BDCC157-AFD3-4592-A806-D8CCB74C507C}.Debug|Any CPU.Build.0 = Debug|Any CPU
		{2BDCC157-AFD3-4592-A806-D8CCB74C507C}.Release|Any CPU.ActiveCfg = Release|Any CPU
		{2BDCC157-AFD3-4592-A806-D8CCB74C507C}.Release|Any CPU.Build.0 = Release|Any CPU
	EndGlobalSection
	GlobalSection(SolutionProperties) = preSolution
		HideSolutionNode = FALSE
	EndGlobalSection
	GlobalSection(ExtensibilityGlobals) = postSolution
		SolutionGuid = {CFE487BB-C8B6-402B-9A56-D9A475902E86}
	EndGlobalSection
EndGlobal
